github.com/sdoque/mbaigo v0.1.0-alpha.12 h1:gnMhYCGUWzaroorgckCf4gu2mKqFBCq99j5fF7UWOM4=
github.com/sdoque/mbaigo v0.1.0-alpha.12/go.mod h1:uvuQ4Q1Qdi1U8BpaoBzDvst8BsskEVaVoMZ9T+5SyYc=
github.com/sdoque/mbaigo v0.1.0 h1:n8lUHPzEd0LOSBIEbp3a6BIY2F1KE9E4P4nTuU2GRcA=
github.com/sdoque/mbaigo v0.1.0/go.mod h1:uvuQ4Q1Qdi1U8BpaoBzDvst8BsskEVaVoMZ9T+5SyYc=
github.com/sdoque/mbaigo v0.2.0 h1:lJO8HztQdTHgXEaNGkB7y+luyhBZPAq31RVATq88ilI=
github.com/sdoque/mbaigo v0.2.0/go.mod h1:uvuQ4Q1Qdi1U8BpaoBzDvst8BsskEVaVoMZ9T+5SyYc=
github.com/sdoque/mbaigo v0.3.0 h1:K7f7JXoJCspZkQZSJGccHcNHBiUQA0u0PxySvJrpVxI=
github.com/sdoque/mbaigo v0.3.0/go.mod h1:uvuQ4Q1Qdi1U8BpaoBzDvst8BsskEVaVoMZ9T+5SyYc=
github.com/sdoque/mbaigo v0.4.0 h1:BHVJ81HoVbEgZ9DepWKmhrlPRKjKdA9TZe4z7hcFMSM=
github.com/sdoque/mbaigo v0.4.0/go.mod h1:uvuQ4Q1Qdi1U8BpaoBzDvst8BsskEVaVoMZ9T+5SyYc=
golang.org/x/sys v0.47.0 h1:o7XGOvZQCADBQQ4Y7VNq2dRWQR7JmOUW8Kxx4ZsNgWs=
golang.org/x/sys v0.47.0/go.mod h1:4GL1E5IUh+htKOUEOaiffhrAeqysfVGipDYzABqnCmw=
