github.com/gorilla/websocket v1.5.3 h1:saDtZ6Pbx/0u+bgYQ3q96pZgCzfhKXGPqt7kZ72aNNg=
github.com/gorilla/websocket v1.5.3/go.mod h1:YR8l580nyteQvAITg2hZ9XVh4b55+EU/adAjf1fMHhE=
github.com/sdoque/mbaigo v0.1.0-alpha.4 h1:jFxIIP3+kSC3LwamzZFytxnO+K/5WY79YYekw7lEvyg=
github.com/sdoque/mbaigo v0.1.0-alpha.4/go.mod h1:IUaNyy+TmZOnjiaJlwaZYlhlx/X10zMQxttMBVv0Fv4=
