github.com/sdoque/mbaigo v0.1.0-alpha.2 h1:EWFJT0ZOOcyWXuvgtRVIELi5fDNXvQFakx9VkS5K9n4=
github.com/sdoque/mbaigo v0.1.0-alpha.2/go.mod h1:bvlsxtug7x2L/AdSB/21+nYRQP2Bcu291r1yr+rdpyE=
periph.io/x/conn/v3 v3.7.2 h1:qt9dE6XGP5ljbFnCKRJ9OOCoiOyBGlw7JZgoi72zZ1s=
periph.io/x/conn/v3 v3.7.2/go.mod h1:Ao0b4sFRo4QOx6c1tROJU1fLJN1hUIYggjOrkIVnpGg=
