github.com/sdoque/mbaigo v0.4.2 h1:IfMNWa/XUnFLa87tKc34kGS0UK+PpZ9OBsYq0XAkIco=
github.com/sdoque/mbaigo v0.4.2/go.mod h1:uvuQ4Q1Qdi1U8BpaoBzDvst8BsskEVaVoMZ9T+5SyYc=
github.com/stianeikeland/go-rpio/v4 v4.6.0 h1:eAJgtw3jTtvn/CqwbC82ntcS+dtzUTgo5qlZKe677EY=
github.com/stianeikeland/go-rpio/v4 v4.6.0/go.mod h1:A3GvHxC1Om5zaId+HqB3HKqx4K/AqeckxB7qRjxMK7o=
