github.com/creack/goselect v0.1.2 h1:2DNy14+JPjRBgPzAd1thbQp4BSIihxcBf0IXhQXDRa0=
github.com/creack/goselect v0.1.2/go.mod h1:a/NhLweNvqIYMuxcMOuWY516Cimucms3DglDzQP3hKY=
github.com/davecgh/go-spew v1.1.0 h1:ZDRjVQ15GmhC3fiQ8ni8+OwkZQO4DARzQgrnXU1Liz8=
github.com/davecgh/go-spew v1.1.0/go.mod h1:J7Y8YcW2NihsgmVo/mv3lAwl/skON4iLHjSsI+c5H38=
github.com/pmezard/go-difflib v1.0.0 h1:4DBwDE0NGyQoBHbLQYPwSUPoCMWR5BEzIk/f1lZbAQM=
github.com/pmezard/go-difflib v1.0.0/go.mod h1:iKH77koFhYxTK1pcRnkKkqfTogsbg7gZNVY4sRDYZ/4=
github.com/sdoque/mbaigo v0.1.0-alpha.8 h1:wKovBDAWMMdcJxE6kNbmtee7T3aIWa08Lkf7GmQohIQ=
github.com/sdoque/mbaigo v0.1.0-alpha.8/go.mod h1:sNaEleHea9b2TcroLCp+9e5cHltlo/JkT9LNag1/nmU=
github.com/sdoque/mbaigo v0.1.0-alpha.9 h1:+Pxgw/H+Utb9Tw5pEkBHrKKDv07hPWeHUYRmYhP/mmQ=
github.com/sdoque/mbaigo v0.1.0-alpha.9/go.mod h1:uvuQ4Q1Qdi1U8BpaoBzDvst8BsskEVaVoMZ9T+5SyYc=
github.com/sdoque/mbaigo v0.1.0-alpha.10 h1:AqACsif+szJSJTVUXYImsuf+Pvm/324TahmPMuolB8c=
github.com/sdoque/mbaigo v0.1.0-alpha.10/go.mod h1:uvuQ4Q1Qdi1U8BpaoBzDvst8BsskEVaVoMZ9T+5SyYc=
github.com/sdoque/mbaigo v0.1.0-alpha.11 h1:9j4Gapj/u97q4W1MGDa7Jmi5BtlVf5i2CrifY5f+t2M=
github.com/sdoque/mbaigo v0.1.0-alpha.11/go.mod h1:uvuQ4Q1Qdi1U8BpaoBzDvst8BsskEVaVoMZ9T+5SyYc=
github.com/sdoque/mbaigo v0.1.0-alpha.12 h1:gnMhYCGUWzaroorgckCf4gu2mKqFBCq99j5fF7UWOM4=
github.com/sdoque/mbaigo v0.1.0-alpha.12/go.mod h1:uvuQ4Q1Qdi1U8BpaoBzDvst8BsskEVaVoMZ9T+5SyYc=
github.com/sdoque/mbaigo v0.1.0 h1:n8lUHPzEd0LOSBIEbp3a6BIY2F1KE9E4P4nTuU2GRcA=
github.com/sdoque/mbaigo v0.1.0/go.mod h1:uvuQ4Q1Qdi1U8BpaoBzDvst8BsskEVaVoMZ9T+5SyYc=
github.com/sdoque/mbaigo v0.2.0 h1:lJO8HztQdTHgXEaNGkB7y+luyhBZPAq31RVATq88ilI=
github.com/sdoque/mbaigo v0.2.0/go.mod h1:uvuQ4Q1Qdi1U8BpaoBzDvst8BsskEVaVoMZ9T+5SyYc=
github.com/stretchr/testify v1.7.0 h1:nwc3DEeHmmLAfoZucVR881uASk0Mfjw8xYJ99tb5CcY=
github.com/stretchr/testify v1.7.0/go.mod h1:6Fq8oRcR53rry900zMqJjRRixrwX3KX962/h/Wwjteg=
go.bug.st/serial v1.6.2 h1:kn9LRX3sdm+WxWKufMlIRndwGfPWsH1/9lCWXQCasq8=
go.bug.st/serial v1.6.2/go.mod h1:UABfsluHAiaNI+La2iESysd9Vetq7VRdpxvjx7CmmOE=
golang.org/x/sys v0.47.0 h1:o7XGOvZQCADBQQ4Y7VNq2dRWQR7JmOUW8Kxx4ZsNgWs=
golang.org/x/sys v0.47.0/go.mod h1:4GL1E5IUh+htKOUEOaiffhrAeqysfVGipDYzABqnCmw=
gopkg.in/yaml.v3 v3.0.0-20200313102051-9f266ea9e77c h1:dUUwHk2QECo/6vqA44rthZ8ie2QXMNeKRTHCNY2nXvo=
gopkg.in/yaml.v3 v3.0.0-20200313102051-9f266ea9e77c/go.mod h1:K4uyk7z7BCEPqu6E+C64Yfv1cQ7kz7rIZviUmN+EgEM=
