github.com/davecgh/go-spew v1.1.1 h1:vj9j/u1bqnvCEfJOwUhtlOARqs3+rkHYY13jYWTU97c=
github.com/davecgh/go-spew v1.1.1/go.mod h1:J7Y8YcW2NihsgmVo/mv3lAwl/skON4iLHjSsI+c5H38=
github.com/gopcua/opcua v0.6.5 h1:IMicRPIh4lMxScEQkwbYZnnnX3b5V0/YQKklfG1o2D4=
github.com/gopcua/opcua v0.6.5/go.mod h1:05WGDsfAt9iZSPl83ZBKedsCEgq2Z6//ViCS7KWE7IY=
github.com/pkg/errors v0.9.1 h1:FEBLx1zS214owpjy7qsBeixbURkuhQAwrK5UwLGTwt4=
github.com/pkg/errors v0.9.1/go.mod h1:bwawxfHBFNV+L2hUp1rHADufV3IMtnDRdf1r5NINEl0=
github.com/pmezard/go-difflib v1.0.0 h1:4DBwDE0NGyQoBHbLQYPwSUPoCMWR5BEzIk/f1lZbAQM=
github.com/pmezard/go-difflib v1.0.0/go.mod h1:iKH77koFhYxTK1pcRnkKkqfTogsbg7gZNVY4sRDYZ/4=
github.com/sdoque/mbaigo v0.1.0-alpha.8 h1:wKovBDAWMMdcJxE6kNbmtee7T3aIWa08Lkf7GmQohIQ=
github.com/sdoque/mbaigo v0.1.0-alpha.8/go.mod h1:sNaEleHea9b2TcroLCp+9e5cHltlo/JkT9LNag1/nmU=
github.com/sdoque/mbaigo v0.1.0-alpha.9 h1:+Pxgw/H+Utb9Tw5pEkBHrKKDv07hPWeHUYRmYhP/mmQ=
github.com/sdoque/mbaigo v0.1.0-alpha.9/go.mod h1:uvuQ4Q1Qdi1U8BpaoBzDvst8BsskEVaVoMZ9T+5SyYc=
github.com/sdoque/mbaigo v0.1.0-alpha.10 h1:AqACsif+szJSJTVUXYImsuf+Pvm/324TahmPMuolB8c=
github.com/sdoque/mbaigo v0.1.0-alpha.10/go.mod h1:uvuQ4Q1Qdi1U8BpaoBzDvst8BsskEVaVoMZ9T+5SyYc=
github.com/sdoque/mbaigo v0.1.0-alpha.11 h1:9j4Gapj/u97q4W1MGDa7Jmi5BtlVf5i2CrifY5f+t2M=
github.com/sdoque/mbaigo v0.1.0-alpha.11/go.mod h1:uvuQ4Q1Qdi1U8BpaoBzDvst8BsskEVaVoMZ9T+5SyYc=
github.com/sdoque/mbaigo v0.1.0-alpha.12 h1:gnMhYCGUWzaroorgckCf4gu2mKqFBCq99j5fF7UWOM4=
github.com/sdoque/mbaigo v0.1.0-alpha.12/go.mod h1:uvuQ4Q1Qdi1U8BpaoBzDvst8BsskEVaVoMZ9T+5SyYc=
github.com/stretchr/testify v1.10.0 h1:Xv5erBjTwe/5IxqUQTdXv5kgmIvbHo3QQyRwhJsOfJA=
github.com/stretchr/testify v1.10.0/go.mod h1:r2ic/lqez/lEtzL7wO/rwa5dbSLXVDPFyf8C91i36aY=
gopkg.in/yaml.v3 v3.0.1 h1:fxVm/GzAzEWqLHuvctI91KS9hhNmmWOoWu0XTYJS7CA=
gopkg.in/yaml.v3 v3.0.1/go.mod h1:K4uyk7z7BCEPqu6E+C64Yfv1cQ7kz7rIZviUmN+EgEM=
