github.com/sdoque/mbaigo v0.1.0-alpha.9 h1:+Pxgw/H+Utb9Tw5pEkBHrKKDv07hPWeHUYRmYhP/mmQ=
github.com/sdoque/mbaigo v0.1.0-alpha.9/go.mod h1:uvuQ4Q1Qdi1U8BpaoBzDvst8BsskEVaVoMZ9T+5SyYc=
github.com/sdoque/mbaigo v0.1.0-alpha.10 h1:AqACsif+szJSJTVUXYImsuf+Pvm/324TahmPMuolB8c=
github.com/sdoque/mbaigo v0.1.0-alpha.10/go.mod h1:uvuQ4Q1Qdi1U8BpaoBzDvst8BsskEVaVoMZ9T+5SyYc=
github.com/sdoque/mbaigo v0.1.0-alpha.11 h1:9j4Gapj/u97q4W1MGDa7Jmi5BtlVf5i2CrifY5f+t2M=
github.com/sdoque/mbaigo v0.1.0-alpha.11/go.mod h1:uvuQ4Q1Qdi1U8BpaoBzDvst8BsskEVaVoMZ9T+5SyYc=
github.com/sdoque/mbaigo v0.1.0-alpha.12 h1:gnMhYCGUWzaroorgckCf4gu2mKqFBCq99j5fF7UWOM4=
github.com/sdoque/mbaigo v0.1.0-alpha.12/go.mod h1:uvuQ4Q1Qdi1U8BpaoBzDvst8BsskEVaVoMZ9T+5SyYc=
